{
  "version": 4,
  "terraform_version": "1.6.4",
  "serial": 48,
  "lineage": "ab88c8a6-3648-2a58-924f-4c8f983a9b11",
  "outputs": {},
  "resources": [
    {
      "mode": "managed",
      "type": "huaweicloud_compute_eip_associate",
      "name": "associated",
      "provider": "provider[\"registry.terraform.io/huaweicloud/huaweicloud\"]",
      "instances": [
        {
          "schema_version": 0,
          "attributes": {
            "bandwidth_id": null,
            "fixed_ip": "192.192.1.143",
            "id": "119.8.138.247/fe2e979f-9271-4c13-b8a7-5a21876966eb/192.192.1.143",
            "instance_id": "fe2e979f-9271-4c13-b8a7-5a21876966eb",
            "port_id": "7808c122-af55-4624-a3a9-3123e7c4ebd6",
            "public_ip": "119.8.138.247",
            "region": "sa-brazil-1",
            "timeouts": null
          },
          "sensitive_attributes": [],
          "private": "eyJlMmJmYjczMC1lY2FhLTExZTYtOGY4OC0zNDM2M2JjN2M0YzAiOnsiY3JlYXRlIjo2MDAwMDAwMDAwMDB9fQ==",
          "dependencies": [
            "huaweicloud_compute_instance.tf_instance",
            "huaweicloud_vpc.tf_vpc",
            "huaweicloud_vpc_eip.tf_eip",
            "huaweicloud_vpc_subnet.tf_subnet"
          ]
        }
      ]
    },
    {
      "mode": "managed",
      "type": "huaweicloud_compute_instance",
      "name": "tf_instance",
      "provider": "provider[\"registry.terraform.io/huaweicloud/huaweicloud\"]",
      "instances": [
        {
          "schema_version": 0,
          "attributes": {
            "access_ip_v4": "192.192.1.143",
            "access_ip_v6": "",
            "admin_pass": "__Huawei1234!__",
            "agency_name": "",
            "agent_list": "",
            "auto_pay": null,
            "auto_renew": null,
            "auto_terminate_time": "",
            "availability_zone": "sa-brazil-1a",
            "bandwidth": [],
            "charging_mode": "postPaid",
            "created_at": "2024-03-07T21:31:42Z",
            "data_disks": [],
            "delete_disks_on_termination": null,
            "delete_eip_on_termination": true,
            "description": "",
            "eip_id": null,
            "eip_type": null,
            "enterprise_project_id": "0",
            "flavor_id": "s6.medium.2",
            "flavor_name": "s6.medium.2",
            "hostname": "tf-instance",
            "id": "fe2e979f-9271-4c13-b8a7-5a21876966eb",
            "image_id": "5f67dd87-7685-4a71-ae63-1dca02fd724c",
            "image_name": "Ubuntu 22.04 server 64bit",
            "key_pair": null,
            "metadata": null,
            "name": "tf-instance",
            "network": [
              {
                "access_network": false,
                "fixed_ip_v4": "192.192.1.143",
                "fixed_ip_v6": "",
                "ipv6_enable": false,
                "mac": "fa:16:8e:1b:5c:ea",
                "port": "7808c122-af55-4624-a3a9-3123e7c4ebd6",
                "source_dest_check": true,
                "uuid": "5a423b0b-ea77-4053-82c4-8cd84934a903"
              }
            ],
            "period": null,
            "period_unit": null,
            "power_action": null,
            "private_key": null,
            "public_ip": null,
            "region": "sa-brazil-1",
            "scheduler_hints": [],
            "security_group_ids": [
              "ae59ae1f-6141-4db1-899a-379bc493c6e8"
            ],
            "security_groups": [
              "default"
            ],
            "spot_duration": null,
            "spot_duration_count": null,
            "spot_maximum_price": null,
            "status": "ACTIVE",
            "stop_before_destroy": false,
            "system_disk_dss_pool_id": null,
            "system_disk_id": "4d6c330a-95aa-4346-8273-bbb8d6b2e749",
            "system_disk_iops": 0,
            "system_disk_kms_key_id": "",
            "system_disk_size": 40,
            "system_disk_throughput": 0,
            "system_disk_type": "GPSSD",
            "tags": null,
            "timeouts": null,
            "updated_at": "2024-03-07T21:31:53Z",
            "user_data": null,
            "user_id": null,
            "volume_attached": [
              {
                "boot_index": 0,
                "kms_key_id": "",
                "pci_address": "0000:02:01.0",
                "size": 40,
                "type": "GPSSD",
                "volume_id": "4d6c330a-95aa-4346-8273-bbb8d6b2e749"
              }
            ]
          },
          "sensitive_attributes": [],
          "private": "eyJlMmJmYjczMC1lY2FhLTExZTYtOGY4OC0zNDM2M2JjN2M0YzAiOnsiY3JlYXRlIjoxODAwMDAwMDAwMDAwLCJkZWxldGUiOjE4MDAwMDAwMDAwMDAsInVwZGF0ZSI6MTgwMDAwMDAwMDAwMH19",
          "dependencies": [
            "huaweicloud_vpc.tf_vpc",
            "huaweicloud_vpc_subnet.tf_subnet"
          ]
        }
      ]
    },
    {
      "mode": "managed",
      "type": "huaweicloud_vpc",
      "name": "tf_vpc",
      "provider": "provider[\"registry.terraform.io/huaweicloud/huaweicloud\"]",
      "instances": [
        {
          "schema_version": 0,
          "attributes": {
            "cidr": "192.192.0.0/16",
            "description": "",
            "enterprise_project_id": "0",
            "id": "fb2bc507-2f66-4fd7-924f-62d2312a765b",
            "name": "tf_vpc",
            "region": "sa-brazil-1",
            "routes": [],
            "secondary_cidr": null,
            "secondary_cidrs": [],
            "status": "OK",
            "tags": {},
            "timeouts": null
          },
          "sensitive_attributes": [],
          "private": "eyJlMmJmYjczMC1lY2FhLTExZTYtOGY4OC0zNDM2M2JjN2M0YzAiOnsiY3JlYXRlIjo2MDAwMDAwMDAwMDAsImRlbGV0ZSI6MTgwMDAwMDAwMDAwfX0="
        }
      ]
    },
    {
      "mode": "managed",
      "type": "huaweicloud_vpc_eip",
      "name": "tf_eip",
      "provider": "provider[\"registry.terraform.io/huaweicloud/huaweicloud\"]",
      "instances": [
        {
          "schema_version": 0,
          "attributes": {
            "address": "119.8.138.247",
            "associate_id": "",
            "associate_type": "",
            "auto_pay": null,
            "auto_renew": null,
            "bandwidth": [
              {
                "charge_mode": "traffic",
                "id": "fdc110fb-5439-4fac-93c6-dfe97c2b02d5",
                "name": "tf-bandwith",
                "share_type": "PER",
                "size": 10
              }
            ],
            "charging_mode": "postPaid",
            "created_at": "2024-03-07 21:31:38",
            "enterprise_project_id": "0",
            "id": "16ee29e9-8177-4a66-8526-e46ef10591f9",
            "instance_id": "",
            "instance_type": "",
            "ipv6_address": "",
            "name": "",
            "period": null,
            "period_unit": null,
            "port_id": "",
            "private_ip": "",
            "publicip": [
              {
                "ip_address": "119.8.138.247",
                "ip_version": 4,
                "port_id": "",
                "type": "5_bgp"
              }
            ],
            "region": "sa-brazil-1",
            "status": "UNBOUND",
            "tags": null,
            "timeouts": null,
            "updated_at": "2024-03-07T21:31:40Z"
          },
          "sensitive_attributes": [],
          "private": "eyJlMmJmYjczMC1lY2FhLTExZTYtOGY4OC0zNDM2M2JjN2M0YzAiOnsiY3JlYXRlIjo2MDAwMDAwMDAwMDAsImRlbGV0ZSI6MzAwMDAwMDAwMDAwLCJ1cGRhdGUiOjMwMDAwMDAwMDAwMH19"
        }
      ]
    },
    {
      "mode": "managed",
      "type": "huaweicloud_vpc_subnet",
      "name": "tf_subnet",
      "provider": "provider[\"registry.terraform.io/huaweicloud/huaweicloud\"]",
      "instances": [
        {
          "schema_version": 0,
          "attributes": {
            "availability_zone": "",
            "cidr": "192.192.1.0/24",
            "description": "",
            "dhcp_enable": true,
            "dhcp_lease_time": null,
            "dns_list": [
              "100.125.1.22",
              "100.125.1.90"
            ],
            "gateway_ip": "192.192.1.1",
            "id": "5a423b0b-ea77-4053-82c4-8cd84934a903",
            "ipv4_subnet_id": "757e1932-4e42-4a93-9e41-6280d8b0bee8",
            "ipv6_cidr": "",
            "ipv6_enable": false,
            "ipv6_gateway": "",
            "ipv6_subnet_id": "",
            "name": "tf-subnet",
            "ntp_server_address": null,
            "primary_dns": "100.125.1.22",
            "region": "sa-brazil-1",
            "secondary_dns": "100.125.1.90",
            "subnet_id": "757e1932-4e42-4a93-9e41-6280d8b0bee8",
            "tags": {},
            "timeouts": null,
            "vpc_id": "fb2bc507-2f66-4fd7-924f-62d2312a765b"
          },
          "sensitive_attributes": [],
          "private": "eyJlMmJmYjczMC1lY2FhLTExZTYtOGY4OC0zNDM2M2JjN2M0YzAiOnsiY3JlYXRlIjozMDAwMDAwMDAwMDAsImRlbGV0ZSI6NjAwMDAwMDAwMDAwfX0=",
          "dependencies": [
            "huaweicloud_vpc.tf_vpc"
          ]
        }
      ]
    },
    {
      "mode": "managed",
      "type": "null_resource",
      "name": "remote_command",
      "provider": "provider[\"registry.terraform.io/hashicorp/null\"]",
      "instances": [
        {
          "schema_version": 0,
          "attributes": {
            "id": "818409622371878634",
            "triggers": null
          },
          "sensitive_attributes": [],
          "dependencies": [
            "huaweicloud_compute_eip_associate.associated",
            "huaweicloud_compute_instance.tf_instance",
            "huaweicloud_vpc.tf_vpc",
            "huaweicloud_vpc_eip.tf_eip",
            "huaweicloud_vpc_subnet.tf_subnet"
          ]
        }
      ]
    }
  ],
  "check_results": null
}
