{
  "version": 4,
  "terraform_version": "1.6.4",
  "serial": 5,
  "lineage": "9cabc397-30ae-7482-b281-d7d531952e8d",
  "outputs": {},
  "resources": [
    {
      "mode": "managed",
      "type": "huaweicloud_vpc_eip",
      "name": "tf_eip",
      "provider": "provider[\"registry.terraform.io/huaweicloud/huaweicloud\"]",
      "instances": [
        {
          "schema_version": 0,
          "attributes": {
            "address": "119.8.138.247",
            "associate_id": "",
            "associate_type": "",
            "auto_pay": null,
            "auto_renew": null,
            "bandwidth": [
              {
                "charge_mode": "traffic",
                "id": "e8005ddd-1fd8-4792-987a-cafd4cb7bf21",
                "name": "tf-bandwith",
                "share_type": "PER",
                "size": 10
              }
            ],
            "charging_mode": "postPaid",
            "created_at": "2024-03-07 21:52:44",
            "enterprise_project_id": "0",
            "id": "4e6e6f19-2fa3-4ad3-a814-38cd0eb5ec83",
            "instance_id": "",
            "instance_type": "",
            "ipv6_address": "",
            "name": "",
            "period": null,
            "period_unit": null,
            "port_id": "",
            "private_ip": "",
            "publicip": [
              {
                "ip_address": "119.8.138.247",
                "ip_version": 4,
                "port_id": "",
                "type": "5_bgp"
              }
            ],
            "region": "sa-brazil-1",
            "status": "UNBOUND",
            "tags": {},
            "timeouts": null,
            "updated_at": "2024-03-07T21:52:46Z"
          },
          "sensitive_attributes": [],
          "private": "eyJlMmJmYjczMC1lY2FhLTExZTYtOGY4OC0zNDM2M2JjN2M0YzAiOnsiY3JlYXRlIjo2MDAwMDAwMDAwMDAsImRlbGV0ZSI6MzAwMDAwMDAwMDAwLCJ1cGRhdGUiOjMwMDAwMDAwMDAwMH19"
        }
      ]
    }
  ],
  "check_results": null
}
